
Microsoft Visual Studio Solution File, Format Version 12.00
# Visual Studio Version 16
VisualStudioVersion = 16.0.32901.82
MinimumVisualStudioVersion = 10.0.40219.1
Project("{9A19103F-16F7-4668-BE54-9A1E7A4F7556}") = "BISC", "BISC.csproj", "{F89CA237-34EF-4EB4-B2C1-6EF199F572D1}"
EndProject
Project("{9A19103F-16F7-4668-BE54-9A1E7A4F7556}") = "BISC Assembler", "asm\BISC Assembler.csproj", "{1BFE4739-A29D-4B5E-89F6-616605296208}"
EndProject
Project("{9A19103F-16F7-4668-BE54-9A1E7A4F7556}") = "BISC Virtual Machine", "vm\BISC Virtual Machine.csproj", "{685DD0BE-AD13-4A16-85FD-6A60FD198502}"
EndProject
Project("{9A19103F-16F7-4668-BE54-9A1E7A4F7556}") = "BISC Tester", "test\BISC Tester.csproj", "{2BE6CFF9-928E-4B91-BE1C-0EE9B7F6E277}"
EndProject
Global
	GlobalSection(SolutionConfigurationPlatforms) = preSolution
		Debug|Any CPU = Debug|Any CPU
		Release|Any CPU = Release|Any CPU
	EndGlobalSection
	GlobalSection(ProjectConfigurationPlatforms) = postSolution
		{F89CA237-34EF-4EB4-B2C1-6EF199F572D1}.Debug|Any CPU.ActiveCfg = Debug|Any CPU
		{F89CA237-34EF-4EB4-B2C1-6EF199F572D1}.Debug|Any CPU.Build.0 = Debug|Any CPU
		{F89CA237-34EF-4EB4-B2C1-6EF199F572D1}.Release|Any CPU.ActiveCfg = Release|Any CPU
		{F89CA237-34EF-4EB4-B2C1-6EF199F572D1}.Release|Any CPU.Build.0 = Release|Any CPU
		{1BFE4739-A29D-4B5E-89F6-616605296208}.Debug|Any CPU.ActiveCfg = Debug|Any CPU
		{1BFE4739-A29D-4B5E-89F6-616605296208}.Debug|Any CPU.Build.0 = Debug|Any CPU
		{1BFE4739-A29D-4B5E-89F6-616605296208}.Release|Any CPU.ActiveCfg = Release|Any CPU
		{1BFE4739-A29D-4B5E-89F6-616605296208}.Release|Any CPU.Build.0 = Release|Any CPU
		{685DD0BE-AD13-4A16-85FD-6A60FD198502}.Debug|Any CPU.ActiveCfg = Debug|Any CPU
		{685DD0BE-AD13-4A16-85FD-6A60FD198502}.Debug|Any CPU.Build.0 = Debug|Any CPU
		{685DD0BE-AD13-4A16-85FD-6A60FD198502}.Release|Any CPU.ActiveCfg = Release|Any CPU
		{685DD0BE-AD13-4A16-85FD-6A60FD198502}.Release|Any CPU.Build.0 = Release|Any CPU
		{2BE6CFF9-928E-4B91-BE1C-0EE9B7F6E277}.Debug|Any CPU.ActiveCfg = Debug|Any CPU
		{2BE6CFF9-928E-4B91-BE1C-0EE9B7F6E277}.Debug|Any CPU.Build.0 = Debug|Any CPU
		{2BE6CFF9-928E-4B91-BE1C-0EE9B7F6E277}.Release|Any CPU.ActiveCfg = Release|Any CPU
		{2BE6CFF9-928E-4B91-BE1C-0EE9B7F6E277}.Release|Any CPU.Build.0 = Release|Any CPU
	EndGlobalSection
	GlobalSection(SolutionProperties) = preSolution
		HideSolutionNode = FALSE
	EndGlobalSection
	GlobalSection(ExtensibilityGlobals) = postSolution
		SolutionGuid = {62F023CE-B0D3-4E82-8621-8543B7B3780D}
	EndGlobalSection
EndGlobal
